
Microsoft Visual Studio Solution File, Format Version 12.00
# Visual Studio Version 17
VisualStudioVersion = 17.6.33723.286
MinimumVisualStudioVersion = 10.0.40219.1
Project("{FAE04EC0-301F-11D3-BF4B-00C04F79EFBC}") = "switch-recursion", "switch-recursion.csproj", "{0147F5C0-05EA-401B-B6DF-66F7CE165222}"
EndProject
Global
	GlobalSection(SolutionConfigurationPlatforms) = preSolution
		Debug|Any CPU = Debug|Any CPU
		Release|Any CPU = Release|Any CPU
	EndGlobalSection
	GlobalSection(ProjectConfigurationPlatforms) = postSolution
		{0147F5C0-05EA-401B-B6DF-66F7CE165222}.Debug|Any CPU.ActiveCfg = Debug|Any CPU
		{0147F5C0-05EA-401B-B6DF-66F7CE165222}.Debug|Any CPU.Build.0 = Debug|Any CPU
		{0147F5C0-05EA-401B-B6DF-66F7CE165222}.Release|Any CPU.ActiveCfg = Release|Any CPU
		{0147F5C0-05EA-401B-B6DF-66F7CE165222}.Release|Any CPU.Build.0 = Release|Any CPU
	EndGlobalSection
	GlobalSection(SolutionProperties) = preSolution
		HideSolutionNode = FALSE
	EndGlobalSection
	GlobalSection(ExtensibilityGlobals) = postSolution
		SolutionGuid = {FFDC311B-0DBC-4B65-8D11-6B7534A0703B}
	EndGlobalSection
EndGlobal
